
Microsoft Visual Studio Solution File, Format Version 12.00
# Visual Studio Express 2012 for Web
Project("{FAE04EC0-301F-11D3-BF4B-00C04F79EFBC}") = "BlogClientNew", "BlogClientNew\BlogClientNew.csproj", "{26D6201A-1C42-4865-947F-59AF2672F4B1}"
EndProject
Project("{FAE04EC0-301F-11D3-BF4B-00C04F79EFBC}") = "BlogClient.Core", "BlogClient.Core\BlogClient.Core.csproj", "{9D919945-9FDC-44ED-BA40-C253F4FDCA6A}"
EndProject
Project("{2150E333-8FDC-42A3-9474-1A3956D46DE8}") = ".nuget", ".nuget", "{AA22BE1A-18CB-4D92-83F5-CDABDD069BF4}"
	ProjectSection(SolutionItems) = preProject
		.nuget\packages.config = .nuget\packages.config
	EndProjectSection
EndProject
Global
	GlobalSection(SolutionConfigurationPlatforms) = preSolution
		Debug|Any CPU = Debug|Any CPU
		Release|Any CPU = Release|Any CPU
	EndGlobalSection
	GlobalSection(ProjectConfigurationPlatforms) = postSolution
		{26D6201A-1C42-4865-947F-59AF2672F4B1}.Debug|Any CPU.ActiveCfg = Debug|Any CPU
		{26D6201A-1C42-4865-947F-59AF2672F4B1}.Debug|Any CPU.Build.0 = Debug|Any CPU
		{26D6201A-1C42-4865-947F-59AF2672F4B1}.Release|Any CPU.ActiveCfg = Release|Any CPU
		{26D6201A-1C42-4865-947F-59AF2672F4B1}.Release|Any CPU.Build.0 = Release|Any CPU
		{9D919945-9FDC-44ED-BA40-C253F4FDCA6A}.Debug|Any CPU.ActiveCfg = Debug|Any CPU
		{9D919945-9FDC-44ED-BA40-C253F4FDCA6A}.Debug|Any CPU.Build.0 = Debug|Any CPU
		{9D919945-9FDC-44ED-BA40-C253F4FDCA6A}.Release|Any CPU.ActiveCfg = Release|Any CPU
		{9D919945-9FDC-44ED-BA40-C253F4FDCA6A}.Release|Any CPU.Build.0 = Release|Any CPU
	EndGlobalSection
	GlobalSection(SolutionProperties) = preSolution
		HideSolutionNode = FALSE
	EndGlobalSection
EndGlobal
